
Microsoft Visual Studio Solution File, Format Version 12.00
# Visual Studio 14
VisualStudioVersion = 14.0.23107.0
MinimumVisualStudioVersion = 10.0.40219.1
Project("{2150E333-8FDC-42A3-9474-1A3956D46DE8}") = "Solution Items", "Solution Items", "{363E19B3-F20F-42FF-9C0E-8E929EB9D79A}"
	ProjectSection(SolutionItems) = preProject
		global.json = global.json
		NuGet.Config = NuGet.Config
	EndProjectSection
EndProject
Project("{8BB2217D-0F2D-49D1-97BC-3654ED321F3B}") = "CommonSerializer.Newtonsoft.Json", "CommonSerializer.Newtonsoft.Json\CommonSerializer.Newtonsoft.Json.xproj", "{52FE6FA4-EA01-4792-A329-7B19D3231BE4}"
EndProject
Project("{8BB2217D-0F2D-49D1-97BC-3654ED321F3B}") = "CommonSerializer", "CommonSerializer\CommonSerializer.xproj", "{596A0D6A-0C3F-481B-AC8C-1B773A3CCD10}"
EndProject
Project("{8BB2217D-0F2D-49D1-97BC-3654ED321F3B}") = "CommonSerializer.Tests", "CommonSerializer.Tests\CommonSerializer.Tests.xproj", "{2BE300EC-3975-4DCA-B505-51F3D503A5E0}"
EndProject
Project("{8BB2217D-0F2D-49D1-97BC-3654ED321F3B}") = "CommonSerializer.Protobuf-net", "CommonSerializer.Protobuf-net\CommonSerializer.Protobuf-net.xproj", "{D97F8AB4-203F-44F9-A808-AA0CF23F80AD}"
EndProject
Project("{8BB2217D-0F2D-49D1-97BC-3654ED321F3B}") = "CommonSerializer.MsgPack.Cli", "CommonSerializer.MsgPack.Cli\CommonSerializer.MsgPack.Cli.xproj", "{C02496C7-7045-46FB-BA90-C2A590F3925E}"
EndProject
Project("{8BB2217D-0F2D-49D1-97BC-3654ED321F3B}") = "CommonSerializer.Jil", "CommonSerializer.Jil\CommonSerializer.Jil.xproj", "{E79FDCC3-B588-481D-A8D3-AE19DEC9BDA5}"
EndProject
Global
	GlobalSection(SolutionConfigurationPlatforms) = preSolution
		Debug|Any CPU = Debug|Any CPU
		Release|Any CPU = Release|Any CPU
	EndGlobalSection
	GlobalSection(ProjectConfigurationPlatforms) = postSolution
		{52FE6FA4-EA01-4792-A329-7B19D3231BE4}.Debug|Any CPU.ActiveCfg = Debug|Any CPU
		{52FE6FA4-EA01-4792-A329-7B19D3231BE4}.Debug|Any CPU.Build.0 = Debug|Any CPU
		{52FE6FA4-EA01-4792-A329-7B19D3231BE4}.Release|Any CPU.ActiveCfg = Release|Any CPU
		{52FE6FA4-EA01-4792-A329-7B19D3231BE4}.Release|Any CPU.Build.0 = Release|Any CPU
		{596A0D6A-0C3F-481B-AC8C-1B773A3CCD10}.Debug|Any CPU.ActiveCfg = Debug|Any CPU
		{596A0D6A-0C3F-481B-AC8C-1B773A3CCD10}.Debug|Any CPU.Build.0 = Debug|Any CPU
		{596A0D6A-0C3F-481B-AC8C-1B773A3CCD10}.Release|Any CPU.ActiveCfg = Release|Any CPU
		{596A0D6A-0C3F-481B-AC8C-1B773A3CCD10}.Release|Any CPU.Build.0 = Release|Any CPU
		{2BE300EC-3975-4DCA-B505-51F3D503A5E0}.Debug|Any CPU.ActiveCfg = Debug|Any CPU
		{2BE300EC-3975-4DCA-B505-51F3D503A5E0}.Debug|Any CPU.Build.0 = Debug|Any CPU
		{2BE300EC-3975-4DCA-B505-51F3D503A5E0}.Release|Any CPU.ActiveCfg = Release|Any CPU
		{2BE300EC-3975-4DCA-B505-51F3D503A5E0}.Release|Any CPU.Build.0 = Release|Any CPU
		{D97F8AB4-203F-44F9-A808-AA0CF23F80AD}.Debug|Any CPU.ActiveCfg = Debug|Any CPU
		{D97F8AB4-203F-44F9-A808-AA0CF23F80AD}.Debug|Any CPU.Build.0 = Debug|Any CPU
		{D97F8AB4-203F-44F9-A808-AA0CF23F80AD}.Release|Any CPU.ActiveCfg = Release|Any CPU
		{D97F8AB4-203F-44F9-A808-AA0CF23F80AD}.Release|Any CPU.Build.0 = Release|Any CPU
		{C02496C7-7045-46FB-BA90-C2A590F3925E}.Debug|Any CPU.ActiveCfg = Debug|Any CPU
		{C02496C7-7045-46FB-BA90-C2A590F3925E}.Debug|Any CPU.Build.0 = Debug|Any CPU
		{C02496C7-7045-46FB-BA90-C2A590F3925E}.Release|Any CPU.ActiveCfg = Release|Any CPU
		{C02496C7-7045-46FB-BA90-C2A590F3925E}.Release|Any CPU.Build.0 = Release|Any CPU
		{E79FDCC3-B588-481D-A8D3-AE19DEC9BDA5}.Debug|Any CPU.ActiveCfg = Debug|Any CPU
		{E79FDCC3-B588-481D-A8D3-AE19DEC9BDA5}.Debug|Any CPU.Build.0 = Debug|Any CPU
		{E79FDCC3-B588-481D-A8D3-AE19DEC9BDA5}.Release|Any CPU.ActiveCfg = Release|Any CPU
		{E79FDCC3-B588-481D-A8D3-AE19DEC9BDA5}.Release|Any CPU.Build.0 = Release|Any CPU
	EndGlobalSection
	GlobalSection(SolutionProperties) = preSolution
		HideSolutionNode = FALSE
	EndGlobalSection
EndGlobal
